<Solution>
  <Folder Name="/src/">
    <Project Path="src/MYSync.Desktop/MYSync.Desktop.csproj" />
    <Project Path="src/MYSync.PluginHost/MYSync.PluginHost.csproj" />
    <Project Path="src/MYSync.Provider.Abstractions/MYSync.Provider.Abstractions.csproj" />
    <Project Path="src/MYSync.Provider.Sample/MYSync.Provider.Sample.csproj" />
    <Project Path="src/MYSync.Sync.Core/MYSync.Sync.Core.csproj" />
    <Project Path="src/MYSync.Sync.Infrastructure/MYSync.Sync.Infrastructure.csproj" />
  </Folder>
  <Folder Name="/tests/">
    <Project Path="tests/MYSync.Checks/MYSync.Checks.csproj" />
  </Folder>
</Solution>
